
Microsoft Visual Studio Solution File, Format Version 12.00
# Visual Studio Version 17
VisualStudioVersion = 17.5.33424.131
MinimumVisualStudioVersion = 10.0.40219.1
Project("{FAE04EC0-301F-11D3-BF4B-00C04F79EFBC}") = "ReadIntegerTakeAvg", "ReadIntegerTakeAvg.csproj", "{17F4F1C9-1840-48B1-9B52-7441AA45FC67}"
EndProject
Global
	GlobalSection(SolutionConfigurationPlatforms) = preSolution
		Debug|Any CPU = Debug|Any CPU
		Release|Any CPU = Release|Any CPU
	EndGlobalSection
	GlobalSection(ProjectConfigurationPlatforms) = postSolution
		{17F4F1C9-1840-48B1-9B52-7441AA45FC67}.Debug|Any CPU.ActiveCfg = Debug|Any CPU
		{17F4F1C9-1840-48B1-9B52-7441AA45FC67}.Debug|Any CPU.Build.0 = Debug|Any CPU
		{17F4F1C9-1840-48B1-9B52-7441AA45FC67}.Release|Any CPU.ActiveCfg = Release|Any CPU
		{17F4F1C9-1840-48B1-9B52-7441AA45FC67}.Release|Any CPU.Build.0 = Release|Any CPU
	EndGlobalSection
	GlobalSection(SolutionProperties) = preSolution
		HideSolutionNode = FALSE
	EndGlobalSection
	GlobalSection(ExtensibilityGlobals) = postSolution
		SolutionGuid = {26116442-92B9-4B1C-A5F4-8A386AA0F7D3}
	EndGlobalSection
EndGlobal
